
Microsoft Visual Studio Solution File, Format Version 12.00
# Visual Studio Version 17
VisualStudioVersion = 17.2.32516.85
MinimumVisualStudioVersion = 10.0.40219.1
Project("{FAE04EC0-301F-11D3-BF4B-00C04F79EFBC}") = "productsWEBAPI", "productsWEBAPI.csproj", "{E505D53A-BDAE-41CE-9629-7CCAC6B72C1E}"
EndProject
Global
	GlobalSection(SolutionConfigurationPlatforms) = preSolution
		Debug|Any CPU = Debug|Any CPU
		Release|Any CPU = Release|Any CPU
	EndGlobalSection
	GlobalSection(ProjectConfigurationPlatforms) = postSolution
		{E505D53A-BDAE-41CE-9629-7CCAC6B72C1E}.Debug|Any CPU.ActiveCfg = Debug|Any CPU
		{E505D53A-BDAE-41CE-9629-7CCAC6B72C1E}.Debug|Any CPU.Build.0 = Debug|Any CPU
		{E505D53A-BDAE-41CE-9629-7CCAC6B72C1E}.Release|Any CPU.ActiveCfg = Release|Any CPU
		{E505D53A-BDAE-41CE-9629-7CCAC6B72C1E}.Release|Any CPU.Build.0 = Release|Any CPU
	EndGlobalSection
	GlobalSection(SolutionProperties) = preSolution
		HideSolutionNode = FALSE
	EndGlobalSection
	GlobalSection(ExtensibilityGlobals) = postSolution
		SolutionGuid = {09E825CF-525B-4456-A066-A0C43F7CA7C2}
	EndGlobalSection
EndGlobal
